
Microsoft Visual Studio Solution File, Format Version 12.00
# Visual Studio Version 16
VisualStudioVersion = 16.0.28803.202
MinimumVisualStudioVersion = 10.0.40219.1
Project("{FAE04EC0-301F-11D3-BF4B-00C04F79EFBC}") = "ConsoleApp6", "ConsoleApp6\ConsoleApp6.csproj", "{DAA4684B-43CE-4D76-93B4-89D1B94F2174}"
EndProject
Global
	GlobalSection(SolutionConfigurationPlatforms) = preSolution
		Debug|Any CPU = Debug|Any CPU
		Release|Any CPU = Release|Any CPU
	EndGlobalSection
	GlobalSection(ProjectConfigurationPlatforms) = postSolution
		{DAA4684B-43CE-4D76-93B4-89D1B94F2174}.Debug|Any CPU.ActiveCfg = Debug|Any CPU
		{DAA4684B-43CE-4D76-93B4-89D1B94F2174}.Debug|Any CPU.Build.0 = Debug|Any CPU
		{DAA4684B-43CE-4D76-93B4-89D1B94F2174}.Release|Any CPU.ActiveCfg = Release|Any CPU
		{DAA4684B-43CE-4D76-93B4-89D1B94F2174}.Release|Any CPU.Build.0 = Release|Any CPU
	EndGlobalSection
	GlobalSection(SolutionProperties) = preSolution
		HideSolutionNode = FALSE
	EndGlobalSection
	GlobalSection(ExtensibilityGlobals) = postSolution
		SolutionGuid = {6C6F9187-1A0B-4725-807F-F96762C5523D}
	EndGlobalSection
EndGlobal
