
Microsoft Visual Studio Solution File, Format Version 12.00
# Visual Studio Version 16
VisualStudioVersion = 16.0.28803.202
MinimumVisualStudioVersion = 10.0.40219.1
Project("{FAE04EC0-301F-11D3-BF4B-00C04F79EFBC}") = "ConsoleApp5", "ConsoleApp5\ConsoleApp5.csproj", "{6142282C-C33A-49A6-A141-D38AB8127932}"
EndProject
Global
	GlobalSection(SolutionConfigurationPlatforms) = preSolution
		Debug|Any CPU = Debug|Any CPU
		Release|Any CPU = Release|Any CPU
	EndGlobalSection
	GlobalSection(ProjectConfigurationPlatforms) = postSolution
		{6142282C-C33A-49A6-A141-D38AB8127932}.Debug|Any CPU.ActiveCfg = Debug|Any CPU
		{6142282C-C33A-49A6-A141-D38AB8127932}.Debug|Any CPU.Build.0 = Debug|Any CPU
		{6142282C-C33A-49A6-A141-D38AB8127932}.Release|Any CPU.ActiveCfg = Release|Any CPU
		{6142282C-C33A-49A6-A141-D38AB8127932}.Release|Any CPU.Build.0 = Release|Any CPU
	EndGlobalSection
	GlobalSection(SolutionProperties) = preSolution
		HideSolutionNode = FALSE
	EndGlobalSection
	GlobalSection(ExtensibilityGlobals) = postSolution
		SolutionGuid = {CCC26E4B-FFCF-4E83-9D3C-17364440B16F}
	EndGlobalSection
EndGlobal
